
Microsoft Visual Studio Solution File, Format Version 12.00
# Visual Studio Version 16
VisualStudioVersion = 16.0.29102.190
MinimumVisualStudioVersion = 10.0.40219.1
Project("{8BC9CEB8-8B4A-11D0-8D11-00A0C91BC942}") = "PA2check", "PA2check\PA2check.vcxproj", "{61841DD8-0933-453F-9FA3-185CE02F4073}"
EndProject
Global
	GlobalSection(SolutionConfigurationPlatforms) = preSolution
		Debug|Win32 = Debug|Win32
		Debug|x64 = Debug|x64
		Release|Win32 = Release|Win32
		Release|x64 = Release|x64
	EndGlobalSection
	GlobalSection(ProjectConfigurationPlatforms) = postSolution
		{61841DD8-0933-453F-9FA3-185CE02F4073}.Debug|Win32.ActiveCfg = Debug|Win32
		{61841DD8-0933-453F-9FA3-185CE02F4073}.Debug|Win32.Build.0 = Debug|Win32
		{61841DD8-0933-453F-9FA3-185CE02F4073}.Debug|x64.ActiveCfg = Debug|x64
		{61841DD8-0933-453F-9FA3-185CE02F4073}.Debug|x64.Build.0 = Debug|x64
		{61841DD8-0933-453F-9FA3-185CE02F4073}.Release|Win32.ActiveCfg = Release|Win32
		{61841DD8-0933-453F-9FA3-185CE02F4073}.Release|Win32.Build.0 = Release|Win32
		{61841DD8-0933-453F-9FA3-185CE02F4073}.Release|x64.ActiveCfg = Release|x64
		{61841DD8-0933-453F-9FA3-185CE02F4073}.Release|x64.Build.0 = Release|x64
	EndGlobalSection
	GlobalSection(SolutionProperties) = preSolution
		HideSolutionNode = FALSE
	EndGlobalSection
	GlobalSection(ExtensibilityGlobals) = postSolution
		SolutionGuid = {AF97DC13-DD19-4CC5-8C9A-CAC7993C730B}
	EndGlobalSection
EndGlobal
